# THIS IS AN AUTOGENERATED FILE. DO NOT EDIT THIS FILE DIRECTLY.
# yarn lockfile v1


commander@15.0.0:
  version "15.0.0"
  resolved "https://registry.yarnpkg.com/commander/-/commander-15.0.0.tgz#96f3961f12adac1799ef3fbd8bc61d40572d1b11"
  integrity sha512-z67u4ZhzCL/Tydu1lJARtEZYWbWaN7oYLHbsuzocr6y4N6WZAagG3RQ4FW61V1/0+jImpj293XfrcYnd1qxtPg==

ignore@7.0.8:
  version "7.0.8"
  resolved "https://registry.yarnpkg.com/ignore/-/ignore-7.0.8.tgz#84d8466899958458ee30b4190c839ee1446cc88d"
  integrity sha512-YYNsSlXBjMk92SKnkwvB5LOVSa6OznlFUGcsvrFgNJbJCd0M1XKeFVRc8ZByeCqz32FivYNHJVooLmdqrmvp/Q==

tree-sitter-wasms@0.1.13, tree-sitter-wasms@^0.1.11:
  version "0.1.13"
  resolved "https://registry.yarnpkg.com/tree-sitter-wasms/-/tree-sitter-wasms-0.1.13.tgz#0502852881d40d0af5720f11d75b348796d8ce20"
  integrity sha512-wT+cR6DwaIz80/vho3AvSF0N4txuNx/5bcRKoXouOfClpxh/qqrF4URNLQXbbt8MaAxeksZcZd1j8gcGjc+QxQ==
  dependencies:
    tree-sitter-wasms "^0.1.11"

web-tree-sitter@0.27.0:
  version "0.27.0"
  resolved "https://registry.yarnpkg.com/web-tree-sitter/-/web-tree-sitter-0.27.0.tgz#72ed2c61bfbbec2489f3af6113ece9ecd47252fa"
  integrity sha512-XK08gj6RwTMQatAG7uVRP8MunqotL/XC19vHgkSPKmELgbGPBj4ECvB8haHOUnyj6ls2B8t42UTro14zxGgAHg==
